
Microsoft Visual Studio Solution File, Format Version 12.00
# Visual Studio 14
VisualStudioVersion = 14.0.25123.0
MinimumVisualStudioVersion = 10.0.40219.1
Project("{FAE04EC0-301F-11D3-BF4B-00C04F79EFBC}") = "RouletteCalc.Domain", "RouletteCalc\RouletteCalc.Domain.csproj", "{DCAB332C-6124-4B77-BBF0-8145604D89A8}"
EndProject
Project("{2150E333-8FDC-42A3-9474-1A3956D46DE8}") = "1. Presentation", "1. Presentation", "{98A6FE97-DCAC-4D98-9C68-64CEB448E9DB}"
EndProject
Project("{2150E333-8FDC-42A3-9474-1A3956D46DE8}") = "2. Domain", "2. Domain", "{5EF393A5-A56E-4872-B092-CAAC062452F9}"
EndProject
Project("{FAE04EC0-301F-11D3-BF4B-00C04F79EFBC}") = "ConsoleApplication", "ConsoleApplication\ConsoleApplication.csproj", "{BED97E00-D75C-4C3D-81B4-DA290787F6CB}"
EndProject
Project("{2150E333-8FDC-42A3-9474-1A3956D46DE8}") = "3. Utils", "3. Utils", "{C0701460-D1C5-45B2-8C5D-F7865E3B7993}"
EndProject
Project("{FAE04EC0-301F-11D3-BF4B-00C04F79EFBC}") = "RouletteCalc.Utilities", "RouletteCalc.Utilities\RouletteCalc.Utilities.csproj", "{60ED7C66-E02F-4082-84F7-74FC4E3EDAF1}"
EndProject
Project("{FAE04EC0-301F-11D3-BF4B-00C04F79EFBC}") = "RouletteCalc.Utilities.Tests", "RouletteCalc.Utilities.Tests\RouletteCalc.Utilities.Tests.csproj", "{AB29E7DD-2D55-4675-AB62-C968E88F0CA6}"
EndProject
Project("{2150E333-8FDC-42A3-9474-1A3956D46DE8}") = "Tests", "Tests", "{0CEDFD92-F850-4245-A90C-3C11A9104F67}"
EndProject
Project("{2150E333-8FDC-42A3-9474-1A3956D46DE8}") = "3. Utils", "3. Utils", "{3BBB79A2-0496-4F95-A6B1-A59A77139BCC}"
EndProject
Project("{2150E333-8FDC-42A3-9474-1A3956D46DE8}") = "1. Presentation", "1. Presentation", "{38520DF9-D943-4DD7-A495-B8A0E4EF80B5}"
EndProject
Project("{2150E333-8FDC-42A3-9474-1A3956D46DE8}") = "2. Domain", "2. Domain", "{340B1A9A-39B3-4002-92E8-5472C62B6BED}"
EndProject
Project("{FAE04EC0-301F-11D3-BF4B-00C04F79EFBC}") = "RouletteCalc.Application", "RouletteCalc.Engine\RouletteCalc.Application.csproj", "{D8F94F31-6249-4C92-8FD2-F5B4E7E18661}"
EndProject
Project("{FAE04EC0-301F-11D3-BF4B-00C04F79EFBC}") = "WpfApplication", "WpfApplication\WpfApplication.csproj", "{E06270B0-5569-47FD-B9CE-88AEDEB243C1}"
EndProject
Global
	GlobalSection(SolutionConfigurationPlatforms) = preSolution
		Debug|Any CPU = Debug|Any CPU
		Release|Any CPU = Release|Any CPU
	EndGlobalSection
	GlobalSection(ProjectConfigurationPlatforms) = postSolution
		{DCAB332C-6124-4B77-BBF0-8145604D89A8}.Debug|Any CPU.ActiveCfg = Debug|Any CPU
		{DCAB332C-6124-4B77-BBF0-8145604D89A8}.Debug|Any CPU.Build.0 = Debug|Any CPU
		{DCAB332C-6124-4B77-BBF0-8145604D89A8}.Release|Any CPU.ActiveCfg = Release|Any CPU
		{DCAB332C-6124-4B77-BBF0-8145604D89A8}.Release|Any CPU.Build.0 = Release|Any CPU
		{BED97E00-D75C-4C3D-81B4-DA290787F6CB}.Debug|Any CPU.ActiveCfg = Debug|Any CPU
		{BED97E00-D75C-4C3D-81B4-DA290787F6CB}.Debug|Any CPU.Build.0 = Debug|Any CPU
		{BED97E00-D75C-4C3D-81B4-DA290787F6CB}.Release|Any CPU.ActiveCfg = Release|Any CPU
		{BED97E00-D75C-4C3D-81B4-DA290787F6CB}.Release|Any CPU.Build.0 = Release|Any CPU
		{60ED7C66-E02F-4082-84F7-74FC4E3EDAF1}.Debug|Any CPU.ActiveCfg = Debug|Any CPU
		{60ED7C66-E02F-4082-84F7-74FC4E3EDAF1}.Debug|Any CPU.Build.0 = Debug|Any CPU
		{60ED7C66-E02F-4082-84F7-74FC4E3EDAF1}.Release|Any CPU.ActiveCfg = Release|Any CPU
		{60ED7C66-E02F-4082-84F7-74FC4E3EDAF1}.Release|Any CPU.Build.0 = Release|Any CPU
		{AB29E7DD-2D55-4675-AB62-C968E88F0CA6}.Debug|Any CPU.ActiveCfg = Debug|Any CPU
		{AB29E7DD-2D55-4675-AB62-C968E88F0CA6}.Debug|Any CPU.Build.0 = Debug|Any CPU
		{AB29E7DD-2D55-4675-AB62-C968E88F0CA6}.Release|Any CPU.ActiveCfg = Release|Any CPU
		{AB29E7DD-2D55-4675-AB62-C968E88F0CA6}.Release|Any CPU.Build.0 = Release|Any CPU
		{D8F94F31-6249-4C92-8FD2-F5B4E7E18661}.Debug|Any CPU.ActiveCfg = Debug|Any CPU
		{D8F94F31-6249-4C92-8FD2-F5B4E7E18661}.Debug|Any CPU.Build.0 = Debug|Any CPU
		{D8F94F31-6249-4C92-8FD2-F5B4E7E18661}.Release|Any CPU.ActiveCfg = Release|Any CPU
		{D8F94F31-6249-4C92-8FD2-F5B4E7E18661}.Release|Any CPU.Build.0 = Release|Any CPU
		{E06270B0-5569-47FD-B9CE-88AEDEB243C1}.Debug|Any CPU.ActiveCfg = Debug|Any CPU
		{E06270B0-5569-47FD-B9CE-88AEDEB243C1}.Debug|Any CPU.Build.0 = Debug|Any CPU
		{E06270B0-5569-47FD-B9CE-88AEDEB243C1}.Release|Any CPU.ActiveCfg = Release|Any CPU
		{E06270B0-5569-47FD-B9CE-88AEDEB243C1}.Release|Any CPU.Build.0 = Release|Any CPU
	EndGlobalSection
	GlobalSection(SolutionProperties) = preSolution
		HideSolutionNode = FALSE
	EndGlobalSection
	GlobalSection(NestedProjects) = preSolution
		{DCAB332C-6124-4B77-BBF0-8145604D89A8} = {5EF393A5-A56E-4872-B092-CAAC062452F9}
		{BED97E00-D75C-4C3D-81B4-DA290787F6CB} = {98A6FE97-DCAC-4D98-9C68-64CEB448E9DB}
		{60ED7C66-E02F-4082-84F7-74FC4E3EDAF1} = {C0701460-D1C5-45B2-8C5D-F7865E3B7993}
		{AB29E7DD-2D55-4675-AB62-C968E88F0CA6} = {3BBB79A2-0496-4F95-A6B1-A59A77139BCC}
		{3BBB79A2-0496-4F95-A6B1-A59A77139BCC} = {0CEDFD92-F850-4245-A90C-3C11A9104F67}
		{38520DF9-D943-4DD7-A495-B8A0E4EF80B5} = {0CEDFD92-F850-4245-A90C-3C11A9104F67}
		{340B1A9A-39B3-4002-92E8-5472C62B6BED} = {0CEDFD92-F850-4245-A90C-3C11A9104F67}
		{D8F94F31-6249-4C92-8FD2-F5B4E7E18661} = {5EF393A5-A56E-4872-B092-CAAC062452F9}
		{E06270B0-5569-47FD-B9CE-88AEDEB243C1} = {98A6FE97-DCAC-4D98-9C68-64CEB448E9DB}
	EndGlobalSection
EndGlobal
